// !$*UTF8*$!
{
	archiveVersion = 1;
	classes = {
	};
	objectVersion = 51;
	objects = {

/* Begin PBXBuildFile section */
		7956E4A8254893E900EB57EC /* AppDelegate.swift in Sources */ = {isa = PBXBuildFile; fileRef = 7956E4A7254893E900EB57EC /* AppDelegate.swift */; };
		7956E4AA254893E900EB57EC /* SceneDelegate.swift in Sources */ = {isa = PBXBuildFile; fileRef = 7956E4A9254893E900EB57EC /* SceneDelegate.swift */; };
		7956E4AC254893E900EB57EC /* LoginViewController.swift in Sources */ = {isa = PBXBuildFile; fileRef = 7956E4AB254893E900EB57EC /* LoginViewController.swift */; };
		7956E4AF254893E900EB57EC /* Login.storyboard in Resources */ = {isa = PBXBuildFile; fileRef = 7956E4AD254893E900EB57EC /* Login.storyboard */; };
		7956E4B1254893EA00EB57EC /* Assets.xcassets in Resources */ = {isa = PBXBuildFile; fileRef = 7956E4B0254893EA00EB57EC /* Assets.xcassets */; };
		7956E4B4254893EA00EB57EC /* LaunchScreen.storyboard in Resources */ = {isa = PBXBuildFile; fileRef = 7956E4B2254893EA00EB57EC /* LaunchScreen.storyboard */; };
		798B3E31254896A30092D2F2 /* CALayer+Helpers.swift in Sources */ = {isa = PBXBuildFile; fileRef = 798B3E30254896A30092D2F2 /* CALayer+Helpers.swift */; };
		798B3E342549F1960092D2F2 /* UIColor+Helpers.swift in Sources */ = {isa = PBXBuildFile; fileRef = 798B3E332549F1960092D2F2 /* UIColor+Helpers.swift */; };
		798B3E372549F1B70092D2F2 /* Int+Helpers.swift in Sources */ = {isa = PBXBuildFile; fileRef = 798B3E362549F1B70092D2F2 /* Int+Helpers.swift */; };
		798B3E3A2549F2100092D2F2 /* Constants.swift in Sources */ = {isa = PBXBuildFile; fileRef = 798B3E392549F2100092D2F2 /* Constants.swift */; };
		798B3E3D2549F2310092D2F2 /* String+Helpers.swift in Sources */ = {isa = PBXBuildFile; fileRef = 798B3E3C2549F2310092D2F2 /* String+Helpers.swift */; };
		79C661FF254A26E4000456E5 /* TextField.swift in Sources */ = {isa = PBXBuildFile; fileRef = 79C661FE254A26E4000456E5 /* TextField.swift */; };
		B46CE166879CB508D88DC02D /* Pods_QuoteQuiz.framework in Frameworks */ = {isa = PBXBuildFile; fileRef = 0FA8AE610868DCC621ED0B35 /* Pods_QuoteQuiz.framework */; };
/* End PBXBuildFile section */

/* Begin PBXFileReference section */
		0FA8AE610868DCC621ED0B35 /* Pods_QuoteQuiz.framework */ = {isa = PBXFileReference; explicitFileType = wrapper.framework; includeInIndex = 0; path = Pods_QuoteQuiz.framework; sourceTree = BUILT_PRODUCTS_DIR; };
		7956E4A4254893E900EB57EC /* QuoteQuiz.app */ = {isa = PBXFileReference; explicitFileType = wrapper.application; includeInIndex = 0; path = QuoteQuiz.app; sourceTree = BUILT_PRODUCTS_DIR; };
		7956E4A7254893E900EB57EC /* AppDelegate.swift */ = {isa = PBXFileReference; lastKnownFileType = sourcecode.swift; path = AppDelegate.swift; sourceTree = "<group>"; };
		7956E4A9254893E900EB57EC /* SceneDelegate.swift */ = {isa = PBXFileReference; lastKnownFileType = sourcecode.swift; path = SceneDelegate.swift; sourceTree = "<group>"; };
		7956E4AB254893E900EB57EC /* LoginViewController.swift */ = {isa = PBXFileReference; lastKnownFileType = sourcecode.swift; path = LoginViewController.swift; sourceTree = "<group>"; };
		7956E4AE254893E900EB57EC /* Base */ = {isa = PBXFileReference; lastKnownFileType = file.storyboard; name = Base; path = Base.lproj/Login.storyboard; sourceTree = "<group>"; };
		7956E4B0254893EA00EB57EC /* Assets.xcassets */ = {isa = PBXFileReference; lastKnownFileType = folder.assetcatalog; path = Assets.xcassets; sourceTree = "<group>"; };
		7956E4B3254893EA00EB57EC /* Base */ = {isa = PBXFileReference; lastKnownFileType = file.storyboard; name = Base; path = Base.lproj/LaunchScreen.storyboard; sourceTree = "<group>"; };
		7956E4B5254893EA00EB57EC /* Info.plist */ = {isa = PBXFileReference; lastKnownFileType = text.plist.xml; path = Info.plist; sourceTree = "<group>"; };
		798B3E30254896A30092D2F2 /* CALayer+Helpers.swift */ = {isa = PBXFileReference; lastKnownFileType = sourcecode.swift; path = "CALayer+Helpers.swift"; sourceTree = "<group>"; };
		798B3E332549F1960092D2F2 /* UIColor+Helpers.swift */ = {isa = PBXFileReference; lastKnownFileType = sourcecode.swift; path = "UIColor+Helpers.swift"; sourceTree = "<group>"; };
		798B3E362549F1B70092D2F2 /* Int+Helpers.swift */ = {isa = PBXFileReference; lastKnownFileType = sourcecode.swift; path = "Int+Helpers.swift"; sourceTree = "<group>"; };
		798B3E392549F2100092D2F2 /* Constants.swift */ = {isa = PBXFileReference; lastKnownFileType = sourcecode.swift; path = Constants.swift; sourceTree = "<group>"; };
		798B3E3C2549F2310092D2F2 /* String+Helpers.swift */ = {isa = PBXFileReference; lastKnownFileType = sourcecode.swift; path = "String+Helpers.swift"; sourceTree = "<group>"; };
		79C661FE254A26E4000456E5 /* TextField.swift */ = {isa = PBXFileReference; lastKnownFileType = sourcecode.swift; path = TextField.swift; sourceTree = "<group>"; };
		847AB4FE76A1E0DD3024913E /* Pods-QuoteQuiz.release.xcconfig */ = {isa = PBXFileReference; includeInIndex = 1; lastKnownFileType = text.xcconfig; name = "Pods-QuoteQuiz.release.xcconfig"; path = "Target Support Files/Pods-QuoteQuiz/Pods-QuoteQuiz.release.xcconfig"; sourceTree = "<group>"; };
		A6C2AAF24F92D3986B73BDE6 /* Pods-QuoteQuiz.debug.xcconfig */ = {isa = PBXFileReference; includeInIndex = 1; lastKnownFileType = text.xcconfig; name = "Pods-QuoteQuiz.debug.xcconfig"; path = "Target Support Files/Pods-QuoteQuiz/Pods-QuoteQuiz.debug.xcconfig"; sourceTree = "<group>"; };
/* End PBXFileReference section */

/* Begin PBXFrameworksBuildPhase section */
		7956E4A1254893E900EB57EC /* Frameworks */ = {
			isa = PBXFrameworksBuildPhase;
			buildActionMask = 2147483647;
			files = (
				B46CE166879CB508D88DC02D /* Pods_QuoteQuiz.framework in Frameworks */,
			);
			runOnlyForDeploymentPostprocessing = 0;
		};
/* End PBXFrameworksBuildPhase section */

/* Begin PBXGroup section */
		7956E49B254893E900EB57EC = {
			isa = PBXGroup;
			children = (
				7956E4A6254893E900EB57EC /* QuoteQuiz */,
				7956E4A5254893E900EB57EC /* Products */,
				C76D8A9523C99DD51E2290B0 /* Pods */,
				E4F16153AD063C55AFC6FAB8 /* Frameworks */,
			);
			sourceTree = "<group>";
		};
		7956E4A5254893E900EB57EC /* Products */ = {
			isa = PBXGroup;
			children = (
				7956E4A4254893E900EB57EC /* QuoteQuiz.app */,
			);
			name = Products;
			sourceTree = "<group>";
		};
		7956E4A6254893E900EB57EC /* QuoteQuiz */ = {
			isa = PBXGroup;
			children = (
				79C661FD254A26D6000456E5 /* Views */,
				798B3E2F2548968B0092D2F2 /* Extensions */,
				798B3E22254894A80092D2F2 /* Controllers */,
				798B3E202548948C0092D2F2 /* Global */,
				798B3E23254894F40092D2F2 /* Managers */,
				798B3E212548949C0092D2F2 /* UI */,
				7956E4B0254893EA00EB57EC /* Assets.xcassets */,
				7956E4B5254893EA00EB57EC /* Info.plist */,
			);
			path = QuoteQuiz;
			sourceTree = "<group>";
		};
		798B3E202548948C0092D2F2 /* Global */ = {
			isa = PBXGroup;
			children = (
				7956E4A7254893E900EB57EC /* AppDelegate.swift */,
				7956E4A9254893E900EB57EC /* SceneDelegate.swift */,
				798B3E392549F2100092D2F2 /* Constants.swift */,
			);
			path = Global;
			sourceTree = "<group>";
		};
		798B3E212548949C0092D2F2 /* UI */ = {
			isa = PBXGroup;
			children = (
				7956E4AD254893E900EB57EC /* Login.storyboard */,
				7956E4B2254893EA00EB57EC /* LaunchScreen.storyboard */,
			);
			path = UI;
			sourceTree = "<group>";
		};
		798B3E22254894A80092D2F2 /* Controllers */ = {
			isa = PBXGroup;
			children = (
				7956E4AB254893E900EB57EC /* LoginViewController.swift */,
			);
			path = Controllers;
			sourceTree = "<group>";
		};
		798B3E23254894F40092D2F2 /* Managers */ = {
			isa = PBXGroup;
			children = (
			);
			path = Managers;
			sourceTree = "<group>";
		};
		798B3E2F2548968B0092D2F2 /* Extensions */ = {
			isa = PBXGroup;
			children = (
				798B3E30254896A30092D2F2 /* CALayer+Helpers.swift */,
				798B3E332549F1960092D2F2 /* UIColor+Helpers.swift */,
				798B3E362549F1B70092D2F2 /* Int+Helpers.swift */,
				798B3E3C2549F2310092D2F2 /* String+Helpers.swift */,
			);
			path = Extensions;
			sourceTree = "<group>";
		};
		79C661FD254A26D6000456E5 /* Views */ = {
			isa = PBXGroup;
			children = (
				79C661FE254A26E4000456E5 /* TextField.swift */,
			);
			path = Views;
			sourceTree = "<group>";
		};
		C76D8A9523C99DD51E2290B0 /* Pods */ = {
			isa = PBXGroup;
			children = (
				A6C2AAF24F92D3986B73BDE6 /* Pods-QuoteQuiz.debug.xcconfig */,
				847AB4FE76A1E0DD3024913E /* Pods-QuoteQuiz.release.xcconfig */,
			);
			path = Pods;
			sourceTree = "<group>";
		};
		E4F16153AD063C55AFC6FAB8 /* Frameworks */ = {
			isa = PBXGroup;
			children = (
				0FA8AE610868DCC621ED0B35 /* Pods_QuoteQuiz.framework */,
			);
			name = Frameworks;
			sourceTree = "<group>";
		};
/* End PBXGroup section */

/* Begin PBXNativeTarget section */
		7956E4A3254893E900EB57EC /* QuoteQuiz */ = {
			isa = PBXNativeTarget;
			buildConfigurationList = 7956E4B8254893EA00EB57EC /* Build configuration list for PBXNativeTarget "QuoteQuiz" */;
			buildPhases = (
				CE694381B22292E242D8D8F2 /* [CP] Check Pods Manifest.lock */,
				7956E4A0254893E900EB57EC /* Sources */,
				7956E4A1254893E900EB57EC /* Frameworks */,
				7956E4A2254893E900EB57EC /* Resources */,
				4FF4902E4A8A4C9AD222D354 /* [CP] Embed Pods Frameworks */,
			);
			buildRules = (
			);
			dependencies = (
			);
			name = QuoteQuiz;
			productName = QuoteQuiz;
			productReference = 7956E4A4254893E900EB57EC /* QuoteQuiz.app */;
			productType = "com.apple.product-type.application";
		};
/* End PBXNativeTarget section */

/* Begin PBXProject section */
		7956E49C254893E900EB57EC /* Project object */ = {
			isa = PBXProject;
			attributes = {
				LastSwiftUpdateCheck = 1200;
				LastUpgradeCheck = 1200;
				TargetAttributes = {
					7956E4A3254893E900EB57EC = {
						CreatedOnToolsVersion = 12.0.1;
					};
				};
			};
			buildConfigurationList = 7956E49F254893E900EB57EC /* Build configuration list for PBXProject "QuoteQuiz" */;
			compatibilityVersion = "Xcode 9.3";
			developmentRegion = en;
			hasScannedForEncodings = 0;
			knownRegions = (
				en,
				Base,
			);
			mainGroup = 7956E49B254893E900EB57EC;
			productRefGroup = 7956E4A5254893E900EB57EC /* Products */;
			projectDirPath = "";
			projectRoot = "";
			targets = (
				7956E4A3254893E900EB57EC /* QuoteQuiz */,
			);
		};
/* End PBXProject section */

/* Begin PBXResourcesBuildPhase section */
		7956E4A2254893E900EB57EC /* Resources */ = {
			isa = PBXResourcesBuildPhase;
			buildActionMask = 2147483647;
			files = (
				7956E4B4254893EA00EB57EC /* LaunchScreen.storyboard in Resources */,
				7956E4B1254893EA00EB57EC /* Assets.xcassets in Resources */,
				7956E4AF254893E900EB57EC /* Login.storyboard in Resources */,
			);
			runOnlyForDeploymentPostprocessing = 0;
		};
/* End PBXResourcesBuildPhase section */

/* Begin PBXShellScriptBuildPhase section */
		4FF4902E4A8A4C9AD222D354 /* [CP] Embed Pods Frameworks */ = {
			isa = PBXShellScriptBuildPhase;
			buildActionMask = 2147483647;
			files = (
			);
			inputFileListPaths = (
				"${PODS_ROOT}/Target Support Files/Pods-QuoteQuiz/Pods-QuoteQuiz-frameworks-${CONFIGURATION}-input-files.xcfilelist",
			);
			name = "[CP] Embed Pods Frameworks";
			outputFileListPaths = (
				"${PODS_ROOT}/Target Support Files/Pods-QuoteQuiz/Pods-QuoteQuiz-frameworks-${CONFIGURATION}-output-files.xcfilelist",
			);
			runOnlyForDeploymentPostprocessing = 0;
			shellPath = /bin/sh;
			shellScript = "\"${PODS_ROOT}/Target Support Files/Pods-QuoteQuiz/Pods-QuoteQuiz-frameworks.sh\"\n";
			showEnvVarsInLog = 0;
		};
		CE694381B22292E242D8D8F2 /* [CP] Check Pods Manifest.lock */ = {
			isa = PBXShellScriptBuildPhase;
			buildActionMask = 2147483647;
			files = (
			);
			inputFileListPaths = (
			);
			inputPaths = (
				"${PODS_PODFILE_DIR_PATH}/Podfile.lock",
				"${PODS_ROOT}/Manifest.lock",
			);
			name = "[CP] Check Pods Manifest.lock";
			outputFileListPaths = (
			);
			outputPaths = (
				"$(DERIVED_FILE_DIR)/Pods-QuoteQuiz-checkManifestLockResult.txt",
			);
			runOnlyForDeploymentPostprocessing = 0;
			shellPath = /bin/sh;
			shellScript = "diff \"${PODS_PODFILE_DIR_PATH}/Podfile.lock\" \"${PODS_ROOT}/Manifest.lock\" > /dev/null\nif [ $? != 0 ] ; then\n    # print error to STDERR\n    echo \"error: The sandbox is not in sync with the Podfile.lock. Run 'pod install' or update your CocoaPods installation.\" >&2\n    exit 1\nfi\n# This output is used by Xcode 'outputs' to avoid re-running this script phase.\necho \"SUCCESS\" > \"${SCRIPT_OUTPUT_FILE_0}\"\n";
			showEnvVarsInLog = 0;
		};
/* End PBXShellScriptBuildPhase section */

/* Begin PBXSourcesBuildPhase section */
		7956E4A0254893E900EB57EC /* Sources */ = {
			isa = PBXSourcesBuildPhase;
			buildActionMask = 2147483647;
			files = (
				7956E4AC254893E900EB57EC /* LoginViewController.swift in Sources */,
				798B3E342549F1960092D2F2 /* UIColor+Helpers.swift in Sources */,
				7956E4A8254893E900EB57EC /* AppDelegate.swift in Sources */,
				7956E4AA254893E900EB57EC /* SceneDelegate.swift in Sources */,
				798B3E3D2549F2310092D2F2 /* String+Helpers.swift in Sources */,
				798B3E3A2549F2100092D2F2 /* Constants.swift in Sources */,
				79C661FF254A26E4000456E5 /* TextField.swift in Sources */,
				798B3E31254896A30092D2F2 /* CALayer+Helpers.swift in Sources */,
				798B3E372549F1B70092D2F2 /* Int+Helpers.swift in Sources */,
			);
			runOnlyForDeploymentPostprocessing = 0;
		};
/* End PBXSourcesBuildPhase section */

/* Begin PBXVariantGroup section */
		7956E4AD254893E900EB57EC /* Login.storyboard */ = {
			isa = PBXVariantGroup;
			children = (
				7956E4AE254893E900EB57EC /* Base */,
			);
			name = Login.storyboard;
			sourceTree = "<group>";
		};
		7956E4B2254893EA00EB57EC /* LaunchScreen.storyboard */ = {
			isa = PBXVariantGroup;
			children = (
				7956E4B3254893EA00EB57EC /* Base */,
			);
			name = LaunchScreen.storyboard;
			sourceTree = "<group>";
		};
/* End PBXVariantGroup section */

/* Begin XCBuildConfiguration section */
		7956E4B6254893EA00EB57EC /* Debug */ = {
			isa = XCBuildConfiguration;
			buildSettings = {
				ALWAYS_SEARCH_USER_PATHS = NO;
				CLANG_ANALYZER_NONNULL = YES;
				CLANG_ANALYZER_NUMBER_OBJECT_CONVERSION = YES_AGGRESSIVE;
				CLANG_CXX_LANGUAGE_STANDARD = "gnu++14";
				CLANG_CXX_LIBRARY = "libc++";
				CLANG_ENABLE_MODULES = YES;
				CLANG_ENABLE_OBJC_ARC = YES;
				CLANG_ENABLE_OBJC_WEAK = YES;
				CLANG_WARN_BLOCK_CAPTURE_AUTORELEASING = YES;
				CLANG_WARN_BOOL_CONVERSION = YES;
				CLANG_WARN_COMMA = YES;
				CLANG_WARN_CONSTANT_CONVERSION = YES;
				CLANG_WARN_DEPRECATED_OBJC_IMPLEMENTATIONS = YES;
				CLANG_WARN_DIRECT_OBJC_ISA_USAGE = YES_ERROR;
				CLANG_WARN_DOCUMENTATION_COMMENTS = YES;
				CLANG_WARN_EMPTY_BODY = YES;
				CLANG_WARN_ENUM_CONVERSION = YES;
				CLANG_WARN_INFINITE_RECURSION = YES;
				CLANG_WARN_INT_CONVERSION = YES;
				CLANG_WARN_NON_LITERAL_NULL_CONVERSION = YES;
				CLANG_WARN_OBJC_IMPLICIT_RETAIN_SELF = YES;
				CLANG_WARN_OBJC_LITERAL_CONVERSION = YES;
				CLANG_WARN_OBJC_ROOT_CLASS = YES_ERROR;
				CLANG_WARN_QUOTED_INCLUDE_IN_FRAMEWORK_HEADER = YES;
				CLANG_WARN_RANGE_LOOP_ANALYSIS = YES;
				CLANG_WARN_STRICT_PROTOTYPES = YES;
				CLANG_WARN_SUSPICIOUS_MOVE = YES;
				CLANG_WARN_UNGUARDED_AVAILABILITY = YES_AGGRESSIVE;
				CLANG_WARN_UNREACHABLE_CODE = YES;
				CLANG_WARN__DUPLICATE_METHOD_MATCH = YES;
				COPY_PHASE_STRIP = NO;
				DEBUG_INFORMATION_FORMAT = dwarf;
				ENABLE_STRICT_OBJC_MSGSEND = YES;
				ENABLE_TESTABILITY = YES;
				GCC_C_LANGUAGE_STANDARD = gnu11;
				GCC_DYNAMIC_NO_PIC = NO;
				GCC_NO_COMMON_BLOCKS = YES;
				GCC_OPTIMIZATION_LEVEL = 0;
				GCC_PREPROCESSOR_DEFINITIONS = (
					"DEBUG=1",
					"$(inherited)",
				);
				GCC_WARN_64_TO_32_BIT_CONVERSION = YES;
				GCC_WARN_ABOUT_RETURN_TYPE = YES_ERROR;
				GCC_WARN_UNDECLARED_SELECTOR = YES;
				GCC_WARN_UNINITIALIZED_AUTOS = YES_AGGRESSIVE;
				GCC_WARN_UNUSED_FUNCTION = YES;
				GCC_WARN_UNUSED_VARIABLE = YES;
				IPHONEOS_DEPLOYMENT_TARGET = 11.0;
				MTL_ENABLE_DEBUG_INFO = INCLUDE_SOURCE;
				MTL_FAST_MATH = YES;
				ONLY_ACTIVE_ARCH = YES;
				SDKROOT = iphoneos;
				SWIFT_ACTIVE_COMPILATION_CONDITIONS = DEBUG;
				SWIFT_OPTIMIZATION_LEVEL = "-Onone";
			};
			name = Debug;
		};
		7956E4B7254893EA00EB57EC /* Release */ = {
			isa = XCBuildConfiguration;
			buildSettings = {
				ALWAYS_SEARCH_USER_PATHS = NO;
				CLANG_ANALYZER_NONNULL = YES;
				CLANG_ANALYZER_NUMBER_OBJECT_CONVERSION = YES_AGGRESSIVE;
				CLANG_CXX_LANGUAGE_STANDARD = "gnu++14";
				CLANG_CXX_LIBRARY = "libc++";
				CLANG_ENABLE_MODULES = YES;
				CLANG_ENABLE_OBJC_ARC = YES;
				CLANG_ENABLE_OBJC_WEAK = YES;
				CLANG_WARN_BLOCK_CAPTURE_AUTORELEASING = YES;
				CLANG_WARN_BOOL_CONVERSION = YES;
				CLANG_WARN_COMMA = YES;
				CLANG_WARN_CONSTANT_CONVERSION = YES;
				CLANG_WARN_DEPRECATED_OBJC_IMPLEMENTATIONS = YES;
				CLANG_WARN_DIRECT_OBJC_ISA_USAGE = YES_ERROR;
				CLANG_WARN_DOCUMENTATION_COMMENTS = YES;
				CLANG_WARN_EMPTY_BODY = YES;
				CLANG_WARN_ENUM_CONVERSION = YES;
				CLANG_WARN_INFINITE_RECURSION = YES;
				CLANG_WARN_INT_CONVERSION = YES;
				CLANG_WARN_NON_LITERAL_NULL_CONVERSION = YES;
				CLANG_WARN_OBJC_IMPLICIT_RETAIN_SELF = YES;
				CLANG_WARN_OBJC_LITERAL_CONVERSION = YES;
				CLANG_WARN_OBJC_ROOT_CLASS = YES_ERROR;
				CLANG_WARN_QUOTED_INCLUDE_IN_FRAMEWORK_HEADER = YES;
				CLANG_WARN_RANGE_LOOP_ANALYSIS = YES;
				CLANG_WARN_STRICT_PROTOTYPES = YES;
				CLANG_WARN_SUSPICIOUS_MOVE = YES;
				CLANG_WARN_UNGUARDED_AVAILABILITY = YES_AGGRESSIVE;
				CLANG_WARN_UNREACHABLE_CODE = YES;
				CLANG_WARN__DUPLICATE_METHOD_MATCH = YES;
				COPY_PHASE_STRIP = NO;
				DEBUG_INFORMATION_FORMAT = "dwarf-with-dsym";
				ENABLE_NS_ASSERTIONS = NO;
				ENABLE_STRICT_OBJC_MSGSEND = YES;
				GCC_C_LANGUAGE_STANDARD = gnu11;
				GCC_NO_COMMON_BLOCKS = YES;
				GCC_WARN_64_TO_32_BIT_CONVERSION = YES;
				GCC_WARN_ABOUT_RETURN_TYPE = YES_ERROR;
				GCC_WARN_UNDECLARED_SELECTOR = YES;
				GCC_WARN_UNINITIALIZED_AUTOS = YES_AGGRESSIVE;
				GCC_WARN_UNUSED_FUNCTION = YES;
				GCC_WARN_UNUSED_VARIABLE = YES;
				IPHONEOS_DEPLOYMENT_TARGET = 11.0;
				MTL_ENABLE_DEBUG_INFO = NO;
				MTL_FAST_MATH = YES;
				SDKROOT = iphoneos;
				SWIFT_COMPILATION_MODE = wholemodule;
				SWIFT_OPTIMIZATION_LEVEL = "-O";
				VALIDATE_PRODUCT = YES;
			};
			name = Release;
		};
		7956E4B9254893EA00EB57EC /* Debug */ = {
			isa = XCBuildConfiguration;
			baseConfigurationReference = A6C2AAF24F92D3986B73BDE6 /* Pods-QuoteQuiz.debug.xcconfig */;
			buildSettings = {
				ASSETCATALOG_COMPILER_APPICON_NAME = AppIcon;
				ASSETCATALOG_COMPILER_GLOBAL_ACCENT_COLOR_NAME = AccentColor;
				CODE_SIGN_STYLE = Automatic;
				INFOPLIST_FILE = QuoteQuiz/Info.plist;
				IPHONEOS_DEPLOYMENT_TARGET = 11.0;
				LD_RUNPATH_SEARCH_PATHS = (
					"$(inherited)",
					"@executable_path/Frameworks",
				);
				PRODUCT_BUNDLE_IDENTIFIER = za.kaka.QuoteQuiz;
				PRODUCT_NAME = "$(TARGET_NAME)";
				SWIFT_VERSION = 5.0;
				TARGETED_DEVICE_FAMILY = 1;
			};
			name = Debug;
		};
		7956E4BA254893EA00EB57EC /* Release */ = {
			isa = XCBuildConfiguration;
			baseConfigurationReference = 847AB4FE76A1E0DD3024913E /* Pods-QuoteQuiz.release.xcconfig */;
			buildSettings = {
				ASSETCATALOG_COMPILER_APPICON_NAME = AppIcon;
				ASSETCATALOG_COMPILER_GLOBAL_ACCENT_COLOR_NAME = AccentColor;
				CODE_SIGN_STYLE = Automatic;
				INFOPLIST_FILE = QuoteQuiz/Info.plist;
				IPHONEOS_DEPLOYMENT_TARGET = 11.0;
				LD_RUNPATH_SEARCH_PATHS = (
					"$(inherited)",
					"@executable_path/Frameworks",
				);
				PRODUCT_BUNDLE_IDENTIFIER = za.kaka.QuoteQuiz;
				PRODUCT_NAME = "$(TARGET_NAME)";
				SWIFT_VERSION = 5.0;
				TARGETED_DEVICE_FAMILY = 1;
			};
			name = Release;
		};
/* End XCBuildConfiguration section */

/* Begin XCConfigurationList section */
		7956E49F254893E900EB57EC /* Build configuration list for PBXProject "QuoteQuiz" */ = {
			isa = XCConfigurationList;
			buildConfigurations = (
				7956E4B6254893EA00EB57EC /* Debug */,
				7956E4B7254893EA00EB57EC /* Release */,
			);
			defaultConfigurationIsVisible = 0;
			defaultConfigurationName = Release;
		};
		7956E4B8254893EA00EB57EC /* Build configuration list for PBXNativeTarget "QuoteQuiz" */ = {
			isa = XCConfigurationList;
			buildConfigurations = (
				7956E4B9254893EA00EB57EC /* Debug */,
				7956E4BA254893EA00EB57EC /* Release */,
			);
			defaultConfigurationIsVisible = 0;
			defaultConfigurationName = Release;
		};
/* End XCConfigurationList section */
	};
	rootObject = 7956E49C254893E900EB57EC /* Project object */;
}
